
Microsoft Visual Studio Solution File, Format Version 12.00
# Visual Studio Version 17
VisualStudioVersion = 17.8.34330.188
MinimumVisualStudioVersion = 10.0.40219.1
Project("{9A19103F-16F7-4668-BE54-9A1E7A4F7556}") = "AdventOfCode", "AdventOfCode\AdventOfCode.csproj", "{DE8B43A4-4251-4335-937A-9138D4526A77}"
EndProject
Global
	GlobalSection(SolutionConfigurationPlatforms) = preSolution
		Debug|Any CPU = Debug|Any CPU
		Release|Any CPU = Release|Any CPU
	EndGlobalSection
	GlobalSection(ProjectConfigurationPlatforms) = postSolution
		{DE8B43A4-4251-4335-937A-9138D4526A77}.Debug|Any CPU.ActiveCfg = Debug|Any CPU
		{DE8B43A4-4251-4335-937A-9138D4526A77}.Debug|Any CPU.Build.0 = Debug|Any CPU
		{DE8B43A4-4251-4335-937A-9138D4526A77}.Release|Any CPU.ActiveCfg = Release|Any CPU
		{DE8B43A4-4251-4335-937A-9138D4526A77}.Release|Any CPU.Build.0 = Release|Any CPU
	EndGlobalSection
	GlobalSection(SolutionProperties) = preSolution
		HideSolutionNode = FALSE
	EndGlobalSection
	GlobalSection(ExtensibilityGlobals) = postSolution
		SolutionGuid = {9AD4476A-DCC3-4279-AB97-F91DB6351576}
	EndGlobalSection
EndGlobal
